
Microsoft Visual Studio Solution File, Format Version 12.00
# Visual Studio Version 16
VisualStudioVersion = 16.0.31624.102
MinimumVisualStudioVersion = 10.0.40219.1
Project("{FAE04EC0-301F-11D3-BF4B-00C04F79EFBC}") = "ListView.UWP", "ListView.UWP\ListView.UWP.csproj", "{95BD433C-4CD1-4EB9-97F5-498DA271E730}"
EndProject
Project("{FAE04EC0-301F-11D3-BF4B-00C04F79EFBC}") = "ListView.Android", "ListView.Android\ListView.Android.csproj", "{8ABF93DE-3F70-4280-BC32-A29BB7A3FE75}"
EndProject
Project("{FAE04EC0-301F-11D3-BF4B-00C04F79EFBC}") = "ListView.iOS", "ListView.iOS\ListView.iOS.csproj", "{47D61E0C-9634-4987-8DB5-D60D8F21723F}"
EndProject
Project("{FAE04EC0-301F-11D3-BF4B-00C04F79EFBC}") = "ListView", "ListView\ListView.csproj", "{383A8ED1-2692-4410-8461-F604BA8B5F79}"
EndProject
Global
	GlobalSection(SolutionConfigurationPlatforms) = preSolution
		Debug|Any CPU = Debug|Any CPU
		Debug|ARM = Debug|ARM
		Debug|iPhone = Debug|iPhone
		Debug|iPhoneSimulator = Debug|iPhoneSimulator
		Debug|x64 = Debug|x64
		Debug|x86 = Debug|x86
		Release|Any CPU = Release|Any CPU
		Release|ARM = Release|ARM
		Release|iPhone = Release|iPhone
		Release|iPhoneSimulator = Release|iPhoneSimulator
		Release|x64 = Release|x64
		Release|x86 = Release|x86
	EndGlobalSection
	GlobalSection(ProjectConfigurationPlatforms) = postSolution
		{95BD433C-4CD1-4EB9-97F5-498DA271E730}.Debug|Any CPU.ActiveCfg = Debug|x86
		{95BD433C-4CD1-4EB9-97F5-498DA271E730}.Debug|Any CPU.Build.0 = Debug|x86
		{95BD433C-4CD1-4EB9-97F5-498DA271E730}.Debug|Any CPU.Deploy.0 = Debug|x86
		{95BD433C-4CD1-4EB9-97F5-498DA271E730}.Debug|ARM.ActiveCfg = Debug|ARM
		{95BD433C-4CD1-4EB9-97F5-498DA271E730}.Debug|ARM.Build.0 = Debug|ARM
		{95BD433C-4CD1-4EB9-97F5-498DA271E730}.Debug|ARM.Deploy.0 = Debug|ARM
		{95BD433C-4CD1-4EB9-97F5-498DA271E730}.Debug|iPhone.ActiveCfg = Debug|x86
		{95BD433C-4CD1-4EB9-97F5-498DA271E730}.Debug|iPhone.Build.0 = Debug|x86
		{95BD433C-4CD1-4EB9-97F5-498DA271E730}.Debug|iPhone.Deploy.0 = Debug|x86
		{95BD433C-4CD1-4EB9-97F5-498DA271E730}.Debug|iPhoneSimulator.ActiveCfg = Debug|x86
		{95BD433C-4CD1-4EB9-97F5-498DA271E730}.Debug|iPhoneSimulator.Build.0 = Debug|x86
		{95BD433C-4CD1-4EB9-97F5-498DA271E730}.Debug|iPhoneSimulator.Deploy.0 = Debug|x86
		{95BD433C-4CD1-4EB9-97F5-498DA271E730}.Debug|x64.ActiveCfg = Debug|x64
		{95BD433C-4CD1-4EB9-97F5-498DA271E730}.Debug|x64.Build.0 = Debug|x64
		{95BD433C-4CD1-4EB9-97F5-498DA271E730}.Debug|x64.Deploy.0 = Debug|x64
		{95BD433C-4CD1-4EB9-97F5-498DA271E730}.Debug|x86.ActiveCfg = Debug|x86
		{95BD433C-4CD1-4EB9-97F5-498DA271E730}.Debug|x86.Build.0 = Debug|x86
		{95BD433C-4CD1-4EB9-97F5-498DA271E730}.Debug|x86.Deploy.0 = Debug|x86
		{95BD433C-4CD1-4EB9-97F5-498DA271E730}.Release|Any CPU.ActiveCfg = Release|x86
		{95BD433C-4CD1-4EB9-97F5-498DA271E730}.Release|Any CPU.Build.0 = Release|x86
		{95BD433C-4CD1-4EB9-97F5-498DA271E730}.Release|Any CPU.Deploy.0 = Release|x86
		{95BD433C-4CD1-4EB9-97F5-498DA271E730}.Release|ARM.ActiveCfg = Release|ARM
		{95BD433C-4CD1-4EB9-97F5-498DA271E730}.Release|ARM.Build.0 = Release|ARM
		{95BD433C-4CD1-4EB9-97F5-498DA271E730}.Release|ARM.Deploy.0 = Release|ARM
		{95BD433C-4CD1-4EB9-97F5-498DA271E730}.Release|iPhone.ActiveCfg = Release|x86
		{95BD433C-4CD1-4EB9-97F5-498DA271E730}.Release|iPhone.Build.0 = Release|x86
		{95BD433C-4CD1-4EB9-97F5-498DA271E730}.Release|iPhone.Deploy.0 = Release|x86
		{95BD433C-4CD1-4EB9-97F5-498DA271E730}.Release|iPhoneSimulator.ActiveCfg = Release|x86
		{95BD433C-4CD1-4EB9-97F5-498DA271E730}.Release|iPhoneSimulator.Build.0 = Release|x86
		{95BD433C-4CD1-4EB9-97F5-498DA271E730}.Release|iPhoneSimulator.Deploy.0 = Release|x86
		{95BD433C-4CD1-4EB9-97F5-498DA271E730}.Release|x64.ActiveCfg = Release|x64
		{95BD433C-4CD1-4EB9-97F5-498DA271E730}.Release|x64.Build.0 = Release|x64
		{95BD433C-4CD1-4EB9-97F5-498DA271E730}.Release|x64.Deploy.0 = Release|x64
		{95BD433C-4CD1-4EB9-97F5-498DA271E730}.Release|x86.ActiveCfg = Release|x86
		{95BD433C-4CD1-4EB9-97F5-498DA271E730}.Release|x86.Build.0 = Release|x86
		{95BD433C-4CD1-4EB9-97F5-498DA271E730}.Release|x86.Deploy.0 = Release|x86
		{8ABF93DE-3F70-4280-BC32-A29BB7A3FE75}.Debug|Any CPU.ActiveCfg = Debug|Any CPU
		{8ABF93DE-3F70-4280-BC32-A29BB7A3FE75}.Debug|Any CPU.Build.0 = Debug|Any CPU
		{8ABF93DE-3F70-4280-BC32-A29BB7A3FE75}.Debug|Any CPU.Deploy.0 = Debug|Any CPU
		{8ABF93DE-3F70-4280-BC32-A29BB7A3FE75}.Debug|ARM.ActiveCfg = Debug|Any CPU
		{8ABF93DE-3F70-4280-BC32-A29BB7A3FE75}.Debug|ARM.Build.0 = Debug|Any CPU
		{8ABF93DE-3F70-4280-BC32-A29BB7A3FE75}.Debug|ARM.Deploy.0 = Debug|Any CPU
		{8ABF93DE-3F70-4280-BC32-A29BB7A3FE75}.Debug|iPhone.ActiveCfg = Debug|Any CPU
		{8ABF93DE-3F70-4280-BC32-A29BB7A3FE75}.Debug|iPhone.Build.0 = Debug|Any CPU
		{8ABF93DE-3F70-4280-BC32-A29BB7A3FE75}.Debug|iPhone.Deploy.0 = Debug|Any CPU
		{8ABF93DE-3F70-4280-BC32-A29BB7A3FE75}.Debug|iPhoneSimulator.ActiveCfg = Debug|Any CPU
		{8ABF93DE-3F70-4280-BC32-A29BB7A3FE75}.Debug|iPhoneSimulator.Build.0 = Debug|Any CPU
		{8ABF93DE-3F70-4280-BC32-A29BB7A3FE75}.Debug|iPhoneSimulator.Deploy.0 = Debug|Any CPU
		{8ABF93DE-3F70-4280-BC32-A29BB7A3FE75}.Debug|x64.ActiveCfg = Debug|Any CPU
		{8ABF93DE-3F70-4280-BC32-A29BB7A3FE75}.Debug|x64.Build.0 = Debug|Any CPU
		{8ABF93DE-3F70-4280-BC32-A29BB7A3FE75}.Debug|x64.Deploy.0 = Debug|Any CPU
		{8ABF93DE-3F70-4280-BC32-A29BB7A3FE75}.Debug|x86.ActiveCfg = Debug|Any CPU
		{8ABF93DE-3F70-4280-BC32-A29BB7A3FE75}.Debug|x86.Build.0 = Debug|Any CPU
		{8ABF93DE-3F70-4280-BC32-A29BB7A3FE75}.Debug|x86.Deploy.0 = Debug|Any CPU
		{8ABF93DE-3F70-4280-BC32-A29BB7A3FE75}.Release|Any CPU.ActiveCfg = Release|Any CPU
		{8ABF93DE-3F70-4280-BC32-A29BB7A3FE75}.Release|Any CPU.Build.0 = Release|Any CPU
		{8ABF93DE-3F70-4280-BC32-A29BB7A3FE75}.Release|Any CPU.Deploy.0 = Release|Any CPU
		{8ABF93DE-3F70-4280-BC32-A29BB7A3FE75}.Release|ARM.ActiveCfg = Release|Any CPU
		{8ABF93DE-3F70-4280-BC32-A29BB7A3FE75}.Release|ARM.Build.0 = Release|Any CPU
		{8ABF93DE-3F70-4280-BC32-A29BB7A3FE75}.Release|ARM.Deploy.0 = Release|Any CPU
		{8ABF93DE-3F70-4280-BC32-A29BB7A3FE75}.Release|iPhone.ActiveCfg = Release|Any CPU
		{8ABF93DE-3F70-4280-BC32-A29BB7A3FE75}.Release|iPhone.Build.0 = Release|Any CPU
		{8ABF93DE-3F70-4280-BC32-A29BB7A3FE75}.Release|iPhone.Deploy.0 = Release|Any CPU
		{8ABF93DE-3F70-4280-BC32-A29BB7A3FE75}.Release|iPhoneSimulator.ActiveCfg = Release|Any CPU
		{8ABF93DE-3F70-4280-BC32-A29BB7A3FE75}.Release|iPhoneSimulator.Build.0 = Release|Any CPU
		{8ABF93DE-3F70-4280-BC32-A29BB7A3FE75}.Release|iPhoneSimulator.Deploy.0 = Release|Any CPU
		{8ABF93DE-3F70-4280-BC32-A29BB7A3FE75}.Release|x64.ActiveCfg = Release|Any CPU
		{8ABF93DE-3F70-4280-BC32-A29BB7A3FE75}.Release|x64.Build.0 = Release|Any CPU
		{8ABF93DE-3F70-4280-BC32-A29BB7A3FE75}.Release|x64.Deploy.0 = Release|Any CPU
		{8ABF93DE-3F70-4280-BC32-A29BB7A3FE75}.Release|x86.ActiveCfg = Release|Any CPU
		{8ABF93DE-3F70-4280-BC32-A29BB7A3FE75}.Release|x86.Build.0 = Release|Any CPU
		{8ABF93DE-3F70-4280-BC32-A29BB7A3FE75}.Release|x86.Deploy.0 = Release|Any CPU
		{47D61E0C-9634-4987-8DB5-D60D8F21723F}.Debug|Any CPU.ActiveCfg = Debug|iPhoneSimulator
		{47D61E0C-9634-4987-8DB5-D60D8F21723F}.Debug|Any CPU.Build.0 = Debug|iPhoneSimulator
		{47D61E0C-9634-4987-8DB5-D60D8F21723F}.Debug|Any CPU.Deploy.0 = Debug|iPhoneSimulator
		{47D61E0C-9634-4987-8DB5-D60D8F21723F}.Debug|ARM.ActiveCfg = Debug|iPhone
		{47D61E0C-9634-4987-8DB5-D60D8F21723F}.Debug|ARM.Build.0 = Debug|iPhone
		{47D61E0C-9634-4987-8DB5-D60D8F21723F}.Debug|ARM.Deploy.0 = Debug|iPhone
		{47D61E0C-9634-4987-8DB5-D60D8F21723F}.Debug|iPhone.ActiveCfg = Debug|iPhone
		{47D61E0C-9634-4987-8DB5-D60D8F21723F}.Debug|iPhone.Build.0 = Debug|iPhone
		{47D61E0C-9634-4987-8DB5-D60D8F21723F}.Debug|iPhone.Deploy.0 = Debug|iPhone
		{47D61E0C-9634-4987-8DB5-D60D8F21723F}.Debug|iPhoneSimulator.ActiveCfg = Debug|iPhoneSimulator
		{47D61E0C-9634-4987-8DB5-D60D8F21723F}.Debug|iPhoneSimulator.Build.0 = Debug|iPhoneSimulator
		{47D61E0C-9634-4987-8DB5-D60D8F21723F}.Debug|iPhoneSimulator.Deploy.0 = Debug|iPhoneSimulator
		{47D61E0C-9634-4987-8DB5-D60D8F21723F}.Debug|x64.ActiveCfg = Debug|iPhoneSimulator
		{47D61E0C-9634-4987-8DB5-D60D8F21723F}.Debug|x64.Build.0 = Debug|iPhoneSimulator
		{47D61E0C-9634-4987-8DB5-D60D8F21723F}.Debug|x64.Deploy.0 = Debug|iPhoneSimulator
		{47D61E0C-9634-4987-8DB5-D60D8F21723F}.Debug|x86.ActiveCfg = Debug|iPhoneSimulator
		{47D61E0C-9634-4987-8DB5-D60D8F21723F}.Debug|x86.Build.0 = Debug|iPhoneSimulator
		{47D61E0C-9634-4987-8DB5-D60D8F21723F}.Debug|x86.Deploy.0 = Debug|iPhoneSimulator
		{47D61E0C-9634-4987-8DB5-D60D8F21723F}.Release|Any CPU.ActiveCfg = Release|iPhoneSimulator
		{47D61E0C-9634-4987-8DB5-D60D8F21723F}.Release|Any CPU.Build.0 = Release|iPhoneSimulator
		{47D61E0C-9634-4987-8DB5-D60D8F21723F}.Release|Any CPU.Deploy.0 = Release|iPhoneSimulator
		{47D61E0C-9634-4987-8DB5-D60D8F21723F}.Release|ARM.ActiveCfg = Release|iPhoneSimulator
		{47D61E0C-9634-4987-8DB5-D60D8F21723F}.Release|ARM.Build.0 = Release|iPhoneSimulator
		{47D61E0C-9634-4987-8DB5-D60D8F21723F}.Release|ARM.Deploy.0 = Release|iPhoneSimulator
		{47D61E0C-9634-4987-8DB5-D60D8F21723F}.Release|iPhone.ActiveCfg = Release|iPhone
		{47D61E0C-9634-4987-8DB5-D60D8F21723F}.Release|iPhone.Build.0 = Release|iPhone
		{47D61E0C-9634-4987-8DB5-D60D8F21723F}.Release|iPhone.Deploy.0 = Release|iPhone
		{47D61E0C-9634-4987-8DB5-D60D8F21723F}.Release|iPhoneSimulator.ActiveCfg = Release|iPhoneSimulator
		{47D61E0C-9634-4987-8DB5-D60D8F21723F}.Release|iPhoneSimulator.Build.0 = Release|iPhoneSimulator
		{47D61E0C-9634-4987-8DB5-D60D8F21723F}.Release|iPhoneSimulator.Deploy.0 = Release|iPhoneSimulator
		{47D61E0C-9634-4987-8DB5-D60D8F21723F}.Release|x64.ActiveCfg = Release|iPhoneSimulator
		{47D61E0C-9634-4987-8DB5-D60D8F21723F}.Release|x64.Build.0 = Release|iPhoneSimulator
		{47D61E0C-9634-4987-8DB5-D60D8F21723F}.Release|x64.Deploy.0 = Release|iPhoneSimulator
		{47D61E0C-9634-4987-8DB5-D60D8F21723F}.Release|x86.ActiveCfg = Release|iPhoneSimulator
		{47D61E0C-9634-4987-8DB5-D60D8F21723F}.Release|x86.Build.0 = Release|iPhoneSimulator
		{47D61E0C-9634-4987-8DB5-D60D8F21723F}.Release|x86.Deploy.0 = Release|iPhoneSimulator
		{383A8ED1-2692-4410-8461-F604BA8B5F79}.Debug|Any CPU.ActiveCfg = Debug|Any CPU
		{383A8ED1-2692-4410-8461-F604BA8B5F79}.Debug|Any CPU.Build.0 = Debug|Any CPU
		{383A8ED1-2692-4410-8461-F604BA8B5F79}.Debug|Any CPU.Deploy.0 = Debug|Any CPU
		{383A8ED1-2692-4410-8461-F604BA8B5F79}.Debug|ARM.ActiveCfg = Debug|Any CPU
		{383A8ED1-2692-4410-8461-F604BA8B5F79}.Debug|ARM.Build.0 = Debug|Any CPU
		{383A8ED1-2692-4410-8461-F604BA8B5F79}.Debug|ARM.Deploy.0 = Debug|Any CPU
		{383A8ED1-2692-4410-8461-F604BA8B5F79}.Debug|iPhone.ActiveCfg = Debug|Any CPU
		{383A8ED1-2692-4410-8461-F604BA8B5F79}.Debug|iPhone.Build.0 = Debug|Any CPU
		{383A8ED1-2692-4410-8461-F604BA8B5F79}.Debug|iPhone.Deploy.0 = Debug|Any CPU
		{383A8ED1-2692-4410-8461-F604BA8B5F79}.Debug|iPhoneSimulator.ActiveCfg = Debug|Any CPU
		{383A8ED1-2692-4410-8461-F604BA8B5F79}.Debug|iPhoneSimulator.Build.0 = Debug|Any CPU
		{383A8ED1-2692-4410-8461-F604BA8B5F79}.Debug|iPhoneSimulator.Deploy.0 = Debug|Any CPU
		{383A8ED1-2692-4410-8461-F604BA8B5F79}.Debug|x64.ActiveCfg = Debug|Any CPU
		{383A8ED1-2692-4410-8461-F604BA8B5F79}.Debug|x64.Build.0 = Debug|Any CPU
		{383A8ED1-2692-4410-8461-F604BA8B5F79}.Debug|x64.Deploy.0 = Debug|Any CPU
		{383A8ED1-2692-4410-8461-F604BA8B5F79}.Debug|x86.ActiveCfg = Debug|Any CPU
		{383A8ED1-2692-4410-8461-F604BA8B5F79}.Debug|x86.Build.0 = Debug|Any CPU
		{383A8ED1-2692-4410-8461-F604BA8B5F79}.Debug|x86.Deploy.0 = Debug|Any CPU
		{383A8ED1-2692-4410-8461-F604BA8B5F79}.Release|Any CPU.ActiveCfg = Release|Any CPU
		{383A8ED1-2692-4410-8461-F604BA8B5F79}.Release|Any CPU.Build.0 = Release|Any CPU
		{383A8ED1-2692-4410-8461-F604BA8B5F79}.Release|Any CPU.Deploy.0 = Release|Any CPU
		{383A8ED1-2692-4410-8461-F604BA8B5F79}.Release|ARM.ActiveCfg = Release|Any CPU
		{383A8ED1-2692-4410-8461-F604BA8B5F79}.Release|ARM.Build.0 = Release|Any CPU
		{383A8ED1-2692-4410-8461-F604BA8B5F79}.Release|ARM.Deploy.0 = Release|Any CPU
		{383A8ED1-2692-4410-8461-F604BA8B5F79}.Release|iPhone.ActiveCfg = Release|Any CPU
		{383A8ED1-2692-4410-8461-F604BA8B5F79}.Release|iPhone.Build.0 = Release|Any CPU
		{383A8ED1-2692-4410-8461-F604BA8B5F79}.Release|iPhone.Deploy.0 = Release|Any CPU
		{383A8ED1-2692-4410-8461-F604BA8B5F79}.Release|iPhoneSimulator.ActiveCfg = Release|Any CPU
		{383A8ED1-2692-4410-8461-F604BA8B5F79}.Release|iPhoneSimulator.Build.0 = Release|Any CPU
		{383A8ED1-2692-4410-8461-F604BA8B5F79}.Release|iPhoneSimulator.Deploy.0 = Release|Any CPU
		{383A8ED1-2692-4410-8461-F604BA8B5F79}.Release|x64.ActiveCfg = Release|Any CPU
		{383A8ED1-2692-4410-8461-F604BA8B5F79}.Release|x64.Build.0 = Release|Any CPU
		{383A8ED1-2692-4410-8461-F604BA8B5F79}.Release|x64.Deploy.0 = Release|Any CPU
		{383A8ED1-2692-4410-8461-F604BA8B5F79}.Release|x86.ActiveCfg = Release|Any CPU
		{383A8ED1-2692-4410-8461-F604BA8B5F79}.Release|x86.Build.0 = Release|Any CPU
		{383A8ED1-2692-4410-8461-F604BA8B5F79}.Release|x86.Deploy.0 = Release|Any CPU
	EndGlobalSection
	GlobalSection(SolutionProperties) = preSolution
		HideSolutionNode = FALSE
	EndGlobalSection
	GlobalSection(ExtensibilityGlobals) = postSolution
		SolutionGuid = {6008308A-5306-4C4B-BD98-7AC7D635C7B0}
	EndGlobalSection
EndGlobal
